
Microsoft Visual Studio Solution File, Format Version 12.00
# Visual Studio Version 17
VisualStudioVersion = 17.7.34024.191
MinimumVisualStudioVersion = 10.0.40219.1
Project("{FAE04EC0-301F-11D3-BF4B-00C04F79EFBC}") = "5T24_BrahyAdrien_Uno", "5T24_BrahyAdrien_Uno.csproj", "{27F4E31F-8400-43DD-A855-C7EBC14C141C}"
EndProject
Global
	GlobalSection(SolutionConfigurationPlatforms) = preSolution
		Debug|Any CPU = Debug|Any CPU
		Release|Any CPU = Release|Any CPU
	EndGlobalSection
	GlobalSection(ProjectConfigurationPlatforms) = postSolution
		{27F4E31F-8400-43DD-A855-C7EBC14C141C}.Debug|Any CPU.ActiveCfg = Debug|Any CPU
		{27F4E31F-8400-43DD-A855-C7EBC14C141C}.Debug|Any CPU.Build.0 = Debug|Any CPU
		{27F4E31F-8400-43DD-A855-C7EBC14C141C}.Release|Any CPU.ActiveCfg = Release|Any CPU
		{27F4E31F-8400-43DD-A855-C7EBC14C141C}.Release|Any CPU.Build.0 = Release|Any CPU
	EndGlobalSection
	GlobalSection(SolutionProperties) = preSolution
		HideSolutionNode = FALSE
	EndGlobalSection
	GlobalSection(ExtensibilityGlobals) = postSolution
		SolutionGuid = {03554134-9ED8-45F1-BAAE-71B3403775BB}
	EndGlobalSection
EndGlobal
